
Microsoft Visual Studio Solution File, Format Version 12.00
# Visual Studio Version 17
VisualStudioVersion = 17.2.32630.192
MinimumVisualStudioVersion = 10.0.40219.1
Project("{FAE04EC0-301F-11D3-BF4B-00C04F79EFBC}") = "Madhavi_Patil_8804979_Assignment4", "Madhavi_Patil_8804979_Assignment4\Madhavi_Patil_8804979_Assignment4.csproj", "{04EF2854-F5CB-491B-8959-112168ACA373}"
EndProject
Global
	GlobalSection(SolutionConfigurationPlatforms) = preSolution
		Debug|Any CPU = Debug|Any CPU
		Release|Any CPU = Release|Any CPU
	EndGlobalSection
	GlobalSection(ProjectConfigurationPlatforms) = postSolution
		{04EF2854-F5CB-491B-8959-112168ACA373}.Debug|Any CPU.ActiveCfg = Debug|Any CPU
		{04EF2854-F5CB-491B-8959-112168ACA373}.Debug|Any CPU.Build.0 = Debug|Any CPU
		{04EF2854-F5CB-491B-8959-112168ACA373}.Release|Any CPU.ActiveCfg = Release|Any CPU
		{04EF2854-F5CB-491B-8959-112168ACA373}.Release|Any CPU.Build.0 = Release|Any CPU
	EndGlobalSection
	GlobalSection(SolutionProperties) = preSolution
		HideSolutionNode = FALSE
	EndGlobalSection
	GlobalSection(ExtensibilityGlobals) = postSolution
		SolutionGuid = {FDDAE216-2065-44E0-A226-EC6042BF477D}
	EndGlobalSection
EndGlobal
